
Microsoft Visual Studio Solution File, Format Version 12.00
# Visual Studio Version 17
VisualStudioVersion = 17.2.32505.173
MinimumVisualStudioVersion = 10.0.40219.1
Project("{9A19103F-16F7-4668-BE54-9A1E7A4F7556}") = "Atolye Mutfak Proje Takip", "Atolye Mutfak Proje Takip\Atolye Mutfak Proje Takip.csproj", "{460210A0-DB2D-49FB-83AF-25430D5C3A4C}"
EndProject
Global
	GlobalSection(SolutionConfigurationPlatforms) = preSolution
		Debug|Any CPU = Debug|Any CPU
		Debug|x64 = Debug|x64
		Release|Any CPU = Release|Any CPU
		Release|x64 = Release|x64
	EndGlobalSection
	GlobalSection(ProjectConfigurationPlatforms) = postSolution
		{460210A0-DB2D-49FB-83AF-25430D5C3A4C}.Debug|Any CPU.ActiveCfg = Debug|Any CPU
		{460210A0-DB2D-49FB-83AF-25430D5C3A4C}.Debug|Any CPU.Build.0 = Debug|Any CPU
		{460210A0-DB2D-49FB-83AF-25430D5C3A4C}.Debug|x64.ActiveCfg = Debug|x64
		{460210A0-DB2D-49FB-83AF-25430D5C3A4C}.Debug|x64.Build.0 = Debug|x64
		{460210A0-DB2D-49FB-83AF-25430D5C3A4C}.Release|Any CPU.ActiveCfg = Release|Any CPU
		{460210A0-DB2D-49FB-83AF-25430D5C3A4C}.Release|Any CPU.Build.0 = Release|Any CPU
		{460210A0-DB2D-49FB-83AF-25430D5C3A4C}.Release|x64.ActiveCfg = Release|x64
		{460210A0-DB2D-49FB-83AF-25430D5C3A4C}.Release|x64.Build.0 = Release|x64
	EndGlobalSection
	GlobalSection(SolutionProperties) = preSolution
		HideSolutionNode = FALSE
	EndGlobalSection
	GlobalSection(ExtensibilityGlobals) = postSolution
		SolutionGuid = {7B665CD8-EF31-4737-A565-F28D0FF43B8D}
	EndGlobalSection
EndGlobal
